
Microsoft Visual Studio Solution File, Format Version 12.00
# Visual Studio Version 17
VisualStudioVersion = 17.9.34622.214
MinimumVisualStudioVersion = 10.0.40219.1
Project("{FAE04EC0-301F-11D3-BF4B-00C04F79EFBC}") = "Basic_App", "Basic_App\Basic_App.csproj", "{8C5CAA21-3411-4CC2-B2DE-A27586C8EA32}"
EndProject
Global
	GlobalSection(SolutionConfigurationPlatforms) = preSolution
		Debug|Any CPU = Debug|Any CPU
		Release|Any CPU = Release|Any CPU
	EndGlobalSection
	GlobalSection(ProjectConfigurationPlatforms) = postSolution
		{8C5CAA21-3411-4CC2-B2DE-A27586C8EA32}.Debug|Any CPU.ActiveCfg = Debug|Any CPU
		{8C5CAA21-3411-4CC2-B2DE-A27586C8EA32}.Debug|Any CPU.Build.0 = Debug|Any CPU
		{8C5CAA21-3411-4CC2-B2DE-A27586C8EA32}.Release|Any CPU.ActiveCfg = Release|Any CPU
		{8C5CAA21-3411-4CC2-B2DE-A27586C8EA32}.Release|Any CPU.Build.0 = Release|Any CPU
	EndGlobalSection
	GlobalSection(SolutionProperties) = preSolution
		HideSolutionNode = FALSE
	EndGlobalSection
	GlobalSection(ExtensibilityGlobals) = postSolution
		SolutionGuid = {F2E2CCD7-0F21-4352-B4C4-849D484EB64B}
	EndGlobalSection
EndGlobal
